
Microsoft Visual Studio Solution File, Format Version 12.00
# Visual Studio 15
VisualStudioVersion = 15.0.28307.539
MinimumVisualStudioVersion = 10.0.40219.1
Project("{FAE04EC0-301F-11D3-BF4B-00C04F79EFBC}") = "Server", "Sockets-Csharp\Server.csproj", "{CFBD4EEE-22AE-4DFF-BE96-6D9152526BFD}"
EndProject
Project("{FAE04EC0-301F-11D3-BF4B-00C04F79EFBC}") = "Client", "Client\Client.csproj", "{E405A5BC-235E-4857-AE7F-96474277FF33}"
EndProject
Project("{FAE04EC0-301F-11D3-BF4B-00C04F79EFBC}") = "Shared", "Shared\Shared.csproj", "{17A5EEC2-7527-4621-9A9A-0AD83FC06529}"
EndProject
Global
	GlobalSection(SolutionConfigurationPlatforms) = preSolution
		Debug|Any CPU = Debug|Any CPU
		Release|Any CPU = Release|Any CPU
	EndGlobalSection
	GlobalSection(ProjectConfigurationPlatforms) = postSolution
		{CFBD4EEE-22AE-4DFF-BE96-6D9152526BFD}.Debug|Any CPU.ActiveCfg = Debug|Any CPU
		{CFBD4EEE-22AE-4DFF-BE96-6D9152526BFD}.Debug|Any CPU.Build.0 = Debug|Any CPU
		{CFBD4EEE-22AE-4DFF-BE96-6D9152526BFD}.Release|Any CPU.ActiveCfg = Release|Any CPU
		{CFBD4EEE-22AE-4DFF-BE96-6D9152526BFD}.Release|Any CPU.Build.0 = Release|Any CPU
		{E405A5BC-235E-4857-AE7F-96474277FF33}.Debug|Any CPU.ActiveCfg = Debug|Any CPU
		{E405A5BC-235E-4857-AE7F-96474277FF33}.Debug|Any CPU.Build.0 = Debug|Any CPU
		{E405A5BC-235E-4857-AE7F-96474277FF33}.Release|Any CPU.ActiveCfg = Release|Any CPU
		{E405A5BC-235E-4857-AE7F-96474277FF33}.Release|Any CPU.Build.0 = Release|Any CPU
		{17A5EEC2-7527-4621-9A9A-0AD83FC06529}.Debug|Any CPU.ActiveCfg = Debug|Any CPU
		{17A5EEC2-7527-4621-9A9A-0AD83FC06529}.Debug|Any CPU.Build.0 = Debug|Any CPU
		{17A5EEC2-7527-4621-9A9A-0AD83FC06529}.Release|Any CPU.ActiveCfg = Release|Any CPU
		{17A5EEC2-7527-4621-9A9A-0AD83FC06529}.Release|Any CPU.Build.0 = Release|Any CPU
	EndGlobalSection
	GlobalSection(SolutionProperties) = preSolution
		HideSolutionNode = FALSE
	EndGlobalSection
	GlobalSection(ExtensibilityGlobals) = postSolution
		SolutionGuid = {AFB91546-820B-4BE8-A70C-C8AF801AA34B}
	EndGlobalSection
EndGlobal
